// !$*UTF8*$!
{
	archiveVersion = 1;
	classes = {
	};
	objectVersion = 48;
	objects = {

/* Begin PBXBuildFile section */
		8E68CB0121D5DF4A0003FDDB /* AppDelegate.swift in Sources */ = {isa = PBXBuildFile; fileRef = 8E68CB0021D5DF4A0003FDDB /* AppDelegate.swift */; };
		8E68CB0321D5DF4A0003FDDB /* ViewController.swift in Sources */ = {isa = PBXBuildFile; fileRef = 8E68CB0221D5DF4A0003FDDB /* ViewController.swift */; };
		8E68CB0621D5DF4A0003FDDB /* Main.storyboard in Resources */ = {isa = PBXBuildFile; fileRef = 8E68CB0421D5DF4A0003FDDB /* Main.storyboard */; };
		8E68CB0821D5DF4A0003FDDB /* Assets.xcassets in Resources */ = {isa = PBXBuildFile; fileRef = 8E68CB0721D5DF4A0003FDDB /* Assets.xcassets */; };
		8E68CB0B21D5DF4A0003FDDB /* LaunchScreen.storyboard in Resources */ = {isa = PBXBuildFile; fileRef = 8E68CB0921D5DF4A0003FDDB /* LaunchScreen.storyboard */; };
/* End PBXBuildFile section */

/* Begin PBXFileReference section */
		8E68CAFD21D5DF4A0003FDDB /* DangerSample.app */ = {isa = PBXFileReference; explicitFileType = wrapper.application; includeInIndex = 0; path = DangerSample.app; sourceTree = BUILT_PRODUCTS_DIR; };
		8E68CB0021D5DF4A0003FDDB /* AppDelegate.swift */ = {isa = PBXFileReference; lastKnownFileType = sourcecode.swift; path = AppDelegate.swift; sourceTree = "<group>"; };
		8E68CB0221D5DF4A0003FDDB /* ViewController.swift */ = {isa = PBXFileReference; lastKnownFileType = sourcecode.swift; path = ViewController.swift; sourceTree = "<group>"; };
		8E68CB0521D5DF4A0003FDDB /* Base */ = {isa = PBXFileReference; lastKnownFileType = file.storyboard; name = Base; path = Base.lproj/Main.storyboard; sourceTree = "<group>"; };
		8E68CB0721D5DF4A0003FDDB /* Assets.xcassets */ = {isa = PBXFileReference; lastKnownFileType = folder.assetcatalog; path = Assets.xcassets; sourceTree = "<group>"; };
		8E68CB0A21D5DF4A0003FDDB /* Base */ = {isa = PBXFileReference; lastKnownFileType = file.storyboard; name = Base; path = Base.lproj/LaunchScreen.storyboard; sourceTree = "<group>"; };
		8E68CB0C21D5DF4A0003FDDB /* Info.plist */ = {isa = PBXFileReference; lastKnownFileType = text.plist.xml; path = Info.plist; sourceTree = "<group>"; };
/* End PBXFileReference section */

/* Begin PBXFrameworksBuildPhase section */
		8E68CAFA21D5DF4A0003FDDB /* Frameworks */ = {
			isa = PBXFrameworksBuildPhase;
			buildActionMask = 2147483647;
			files = (
			);
			runOnlyForDeploymentPostprocessing = 0;
		};
/* End PBXFrameworksBuildPhase section */

/* Begin PBXGroup section */
		8E68CAF421D5DF4A0003FDDB = {
			isa = PBXGroup;
			children = (
				8E68CAFF21D5DF4A0003FDDB /* DangerSample */,
				8E68CAFE21D5DF4A0003FDDB /* Products */,
			);
			sourceTree = "<group>";
		};
		8E68CAFE21D5DF4A0003FDDB /* Products */ = {
			isa = PBXGroup;
			children = (
				8E68CAFD21D5DF4A0003FDDB /* DangerSample.app */,
			);
			name = Products;
			sourceTree = "<group>";
		};
		8E68CAFF21D5DF4A0003FDDB /* DangerSample */ = {
			isa = PBXGroup;
			children = (
				8E68CB0021D5DF4A0003FDDB /* AppDelegate.swift */,
				8E68CB0221D5DF4A0003FDDB /* ViewController.swift */,
				8E68CB0421D5DF4A0003FDDB /* Main.storyboard */,
				8E68CB0721D5DF4A0003FDDB /* Assets.xcassets */,
				8E68CB0921D5DF4A0003FDDB /* LaunchScreen.storyboard */,
				8E68CB0C21D5DF4A0003FDDB /* Info.plist */,
			);
			path = DangerSample;
			sourceTree = "<group>";
		};
/* End PBXGroup section */

/* Begin PBXNativeTarget section */
		8E68CAFC21D5DF4A0003FDDB /* DangerSample */ = {
			isa = PBXNativeTarget;
			buildConfigurationList = 8E68CB0F21D5DF4A0003FDDB /* Build configuration list for PBXNativeTarget "DangerSample" */;
			buildPhases = (
				8E68CAF921D5DF4A0003FDDB /* Sources */,
				8E68CAFA21D5DF4A0003FDDB /* Frameworks */,
				8E68CAFB21D5DF4A0003FDDB /* Resources */,
			);
			buildRules = (
			);
			dependencies = (
			);
			name = DangerSample;
			productName = DangerSample;
			productReference = 8E68CAFD21D5DF4A0003FDDB /* DangerSample.app */;
			productType = "com.apple.product-type.application";
		};
/* End PBXNativeTarget section */

/* Begin PBXProject section */
		8E68CAF521D5DF4A0003FDDB /* Project object */ = {
			isa = PBXProject;
			attributes = {
				LastSwiftUpdateCheck = 0920;
				LastUpgradeCheck = 0920;
				ORGANIZATIONNAME = "Tomoyuki Ito";
				TargetAttributes = {
					8E68CAFC21D5DF4A0003FDDB = {
						CreatedOnToolsVersion = 9.2;
						ProvisioningStyle = Automatic;
					};
				};
			};
			buildConfigurationList = 8E68CAF821D5DF4A0003FDDB /* Build configuration list for PBXProject "DangerSample" */;
			compatibilityVersion = "Xcode 8.0";
			developmentRegion = en;
			hasScannedForEncodings = 0;
			knownRegions = (
				en,
				Base,
			);
			mainGroup = 8E68CAF421D5DF4A0003FDDB;
			productRefGroup = 8E68CAFE21D5DF4A0003FDDB /* Products */;
			projectDirPath = "";
			projectRoot = "";
			targets = (
				8E68CAFC21D5DF4A0003FDDB /* DangerSample */,
			);
		};
/* End PBXProject section */

/* Begin PBXResourcesBuildPhase section */
		8E68CAFB21D5DF4A0003FDDB /* Resources */ = {
			isa = PBXResourcesBuildPhase;
			buildActionMask = 2147483647;
			files = (
				8E68CB0B21D5DF4A0003FDDB /* LaunchScreen.storyboard in Resources */,
				8E68CB0821D5DF4A0003FDDB /* Assets.xcassets in Resources */,
				8E68CB0621D5DF4A0003FDDB /* Main.storyboard in Resources */,
			);
			runOnlyForDeploymentPostprocessing = 0;
		};
/* End PBXResourcesBuildPhase section */

/* Begin PBXSourcesBuildPhase section */
		8E68CAF921D5DF4A0003FDDB /* Sources */ = {
			isa = PBXSourcesBuildPhase;
			buildActionMask = 2147483647;
			files = (
				8E68CB0321D5DF4A0003FDDB /* ViewController.swift in Sources */,
				8E68CB0121D5DF4A0003FDDB /* AppDelegate.swift in Sources */,
			);
			runOnlyForDeploymentPostprocessing = 0;
		};
/* End PBXSourcesBuildPhase section */

/* Begin PBXVariantGroup section */
		8E68CB0421D5DF4A0003FDDB /* Main.storyboard */ = {
			isa = PBXVariantGroup;
			children = (
				8E68CB0521D5DF4A0003FDDB /* Base */,
			);
			name = Main.storyboard;
			sourceTree = "<group>";
		};
		8E68CB0921D5DF4A0003FDDB /* LaunchScreen.storyboard */ = {
			isa = PBXVariantGroup;
			children = (
				8E68CB0A21D5DF4A0003FDDB /* Base */,
			);
			name = LaunchScreen.storyboard;
			sourceTree = "<group>";
		};
/* End PBXVariantGroup section */

/* Begin XCBuildConfiguration section */
		8E68CB0D21D5DF4A0003FDDB /* Debug */ = {
			isa = XCBuildConfiguration;
			buildSettings = {
				ALWAYS_SEARCH_USER_PATHS = NO;
				CLANG_ANALYZER_NONNULL = YES;
				CLANG_ANALYZER_NUMBER_OBJECT_CONVERSION = YES_AGGRESSIVE;
				CLANG_CXX_LANGUAGE_STANDARD = "gnu++14";
				CLANG_CXX_LIBRARY = "libc++";
				CLANG_ENABLE_MODULES = YES;
				CLANG_ENABLE_OBJC_ARC = YES;
				CLANG_WARN_BLOCK_CAPTURE_AUTORELEASING = YES;
				CLANG_WARN_BOOL_CONVERSION = YES;
				CLANG_WARN_COMMA = YES;
				CLANG_WARN_CONSTANT_CONVERSION = YES;
				CLANG_WARN_DIRECT_OBJC_ISA_USAGE = YES_ERROR;
				CLANG_WARN_DOCUMENTATION_COMMENTS = YES;
				CLANG_WARN_EMPTY_BODY = YES;
				CLANG_WARN_ENUM_CONVERSION = YES;
				CLANG_WARN_INFINITE_RECURSION = YES;
				CLANG_WARN_INT_CONVERSION = YES;
				CLANG_WARN_NON_LITERAL_NULL_CONVERSION = YES;
				CLANG_WARN_OBJC_LITERAL_CONVERSION = YES;
				CLANG_WARN_OBJC_ROOT_CLASS = YES_ERROR;
				CLANG_WARN_RANGE_LOOP_ANALYSIS = YES;
				CLANG_WARN_STRICT_PROTOTYPES = YES;
				CLANG_WARN_SUSPICIOUS_MOVE = YES;
				CLANG_WARN_UNGUARDED_AVAILABILITY = YES_AGGRESSIVE;
				CLANG_WARN_UNREACHABLE_CODE = YES;
				CLANG_WARN__DUPLICATE_METHOD_MATCH = YES;
				CODE_SIGN_IDENTITY = "iPhone Developer";
				COPY_PHASE_STRIP = NO;
				DEBUG_INFORMATION_FORMAT = dwarf;
				ENABLE_STRICT_OBJC_MSGSEND = YES;
				ENABLE_TESTABILITY = YES;
				GCC_C_LANGUAGE_STANDARD = gnu11;
				GCC_DYNAMIC_NO_PIC = NO;
				GCC_NO_COMMON_BLOCKS = YES;
				GCC_OPTIMIZATION_LEVEL = 0;
				GCC_PREPROCESSOR_DEFINITIONS = (
					"DEBUG=1",
					"$(inherited)",
				);
				GCC_WARN_64_TO_32_BIT_CONVERSION = YES;
				GCC_WARN_ABOUT_RETURN_TYPE = YES_ERROR;
				GCC_WARN_UNDECLARED_SELECTOR = YES;
				GCC_WARN_UNINITIALIZED_AUTOS = YES_AGGRESSIVE;
				GCC_WARN_UNUSED_FUNCTION = YES;
				GCC_WARN_UNUSED_VARIABLE = YES;
				IPHONEOS_DEPLOYMENT_TARGET = 11.2;
				MTL_ENABLE_DEBUG_INFO = YES;
				ONLY_ACTIVE_ARCH = YES;
				SDKROOT = iphoneos;
				SWIFT_ACTIVE_COMPILATION_CONDITIONS = DEBUG;
				SWIFT_OPTIMIZATION_LEVEL = "-Onone";
			};
			name = Debug;
		};
		8E68CB0E21D5DF4A0003FDDB /* Release */ = {
			isa = XCBuildConfiguration;
			buildSettings = {
				ALWAYS_SEARCH_USER_PATHS = NO;
				CLANG_ANALYZER_NONNULL = YES;
				CLANG_ANALYZER_NUMBER_OBJECT_CONVERSION = YES_AGGRESSIVE;
				CLANG_CXX_LANGUAGE_STANDARD = "gnu++14";
				CLANG_CXX_LIBRARY = "libc++";
				CLANG_ENABLE_MODULES = YES;
				CLANG_ENABLE_OBJC_ARC = YES;
				CLANG_WARN_BLOCK_CAPTURE_AUTORELEASING = YES;
				CLANG_WARN_BOOL_CONVERSION = YES;
				CLANG_WARN_COMMA = YES;
				CLANG_WARN_CONSTANT_CONVERSION = YES;
				CLANG_WARN_DIRECT_OBJC_ISA_USAGE = YES_ERROR;
				CLANG_WARN_DOCUMENTATION_COMMENTS = YES;
				CLANG_WARN_EMPTY_BODY = YES;
				CLANG_WARN_ENUM_CONVERSION = YES;
				CLANG_WARN_INFINITE_RECURSION = YES;
				CLANG_WARN_INT_CONVERSION = YES;
				CLANG_WARN_NON_LITERAL_NULL_CONVERSION = YES;
				CLANG_WARN_OBJC_LITERAL_CONVERSION = YES;
				CLANG_WARN_OBJC_ROOT_CLASS = YES_ERROR;
				CLANG_WARN_RANGE_LOOP_ANALYSIS = YES;
				CLANG_WARN_STRICT_PROTOTYPES = YES;
				CLANG_WARN_SUSPICIOUS_MOVE = YES;
				CLANG_WARN_UNGUARDED_AVAILABILITY = YES_AGGRESSIVE;
				CLANG_WARN_UNREACHABLE_CODE = YES;
				CLANG_WARN__DUPLICATE_METHOD_MATCH = YES;
				CODE_SIGN_IDENTITY = "iPhone Developer";
				COPY_PHASE_STRIP = NO;
				DEBUG_INFORMATION_FORMAT = "dwarf-with-dsym";
				ENABLE_NS_ASSERTIONS = NO;
				ENABLE_STRICT_OBJC_MSGSEND = YES;
				GCC_C_LANGUAGE_STANDARD = gnu11;
				GCC_NO_COMMON_BLOCKS = YES;
				GCC_WARN_64_TO_32_BIT_CONVERSION = YES;
				GCC_WARN_ABOUT_RETURN_TYPE = YES_ERROR;
				GCC_WARN_UNDECLARED_SELECTOR = YES;
				GCC_WARN_UNINITIALIZED_AUTOS = YES_AGGRESSIVE;
				GCC_WARN_UNUSED_FUNCTION = YES;
				GCC_WARN_UNUSED_VARIABLE = YES;
				IPHONEOS_DEPLOYMENT_TARGET = 11.2;
				MTL_ENABLE_DEBUG_INFO = NO;
				SDKROOT = iphoneos;
				SWIFT_OPTIMIZATION_LEVEL = "-Owholemodule";
				VALIDATE_PRODUCT = YES;
			};
			name = Release;
		};
		8E68CB1021D5DF4A0003FDDB /* Debug */ = {
			isa = XCBuildConfiguration;
			buildSettings = {
				ASSETCATALOG_COMPILER_APPICON_NAME = AppIcon;
				CODE_SIGN_STYLE = Automatic;
				INFOPLIST_FILE = DangerSample/Info.plist;
				LD_RUNPATH_SEARCH_PATHS = "$(inherited) @executable_path/Frameworks";
				PRODUCT_BUNDLE_IDENTIFIER = jp.ti.DangerSample;
				PRODUCT_NAME = "$(TARGET_NAME)";
				SWIFT_VERSION = 4.0;
				TARGETED_DEVICE_FAMILY = "1,2";
			};
			name = Debug;
		};
		8E68CB1121D5DF4A0003FDDB /* Release */ = {
			isa = XCBuildConfiguration;
			buildSettings = {
				ASSETCATALOG_COMPILER_APPICON_NAME = AppIcon;
				CODE_SIGN_STYLE = Automatic;
				INFOPLIST_FILE = DangerSample/Info.plist;
				LD_RUNPATH_SEARCH_PATHS = "$(inherited) @executable_path/Frameworks";
				PRODUCT_BUNDLE_IDENTIFIER = jp.ti.DangerSample;
				PRODUCT_NAME = "$(TARGET_NAME)";
				SWIFT_VERSION = 4.0;
				TARGETED_DEVICE_FAMILY = "1,2";
			};
			name = Release;
		};
/* End XCBuildConfiguration section */

/* Begin XCConfigurationList section */
		8E68CAF821D5DF4A0003FDDB /* Build configuration list for PBXProject "DangerSample" */ = {
			isa = XCConfigurationList;
			buildConfigurations = (
				8E68CB0D21D5DF4A0003FDDB /* Debug */,
				8E68CB0E21D5DF4A0003FDDB /* Release */,
			);
			defaultConfigurationIsVisible = 0;
			defaultConfigurationName = Release;
		};
		8E68CB0F21D5DF4A0003FDDB /* Build configuration list for PBXNativeTarget "DangerSample" */ = {
			isa = XCConfigurationList;
			buildConfigurations = (
				8E68CB1021D5DF4A0003FDDB /* Debug */,
				8E68CB1121D5DF4A0003FDDB /* Release */,
			);
			defaultConfigurationIsVisible = 0;
			defaultConfigurationName = Release;
		};
/* End XCConfigurationList section */
	};
	rootObject = 8E68CAF521D5DF4A0003FDDB /* Project object */;
}
